
Microsoft Visual Studio Solution File, Format Version 12.00
# Visual Studio Version 17
VisualStudioVersion = 17.0.31903.59
MinimumVisualStudioVersion = 10.0.40219.1
Project("{FAE04EC0-301F-11D3-BF4B-00C04F79EFBC}") = "FPGAProjectExtension", "FPGAProjectExtension\FPGAProjectExtension.csproj", "{55228E9C-995F-49E0-B44D-246F0D9614E9}"
EndProject
Project("{FAE04EC0-301F-11D3-BF4B-00C04F79EFBC}") = "MipsRemoteDebuggerUtils", "MipsRemoteDebuggerUtils\MipsRemoteDebuggerUtils.csproj", "{E0565C13-9330-4B7F-B941-BB10730DCDBA}"
EndProject
Project("{FAE04EC0-301F-11D3-BF4B-00C04F79EFBC}") = "MipsRemoteDebugger", "MipsRemoteDebugger\MipsRemoteDebugger.csproj", "{83F90958-ED61-4974-BB11-29F45AB531B2}"
EndProject
Project("{FAE04EC0-301F-11D3-BF4B-00C04F79EFBC}") = "MipsDebugEngine", "MipsDebugEngine\MipsDebugEngine.csproj", "{811231FC-10FE-4C5E-9C83-20FE71241BD4}"
EndProject
Project("{FAE04EC0-301F-11D3-BF4B-00C04F79EFBC}") = "MipsRemoteTest", "MipsRemoteTest\MipsRemoteTest.csproj", "{B64F9634-4D45-4E8A-94C0-2265B7A60975}"
EndProject
Global
	GlobalSection(SolutionConfigurationPlatforms) = preSolution
		Debug|Any CPU = Debug|Any CPU
		Debug|x64 = Debug|x64
		Debug|x86 = Debug|x86
		Release|Any CPU = Release|Any CPU
		Release|x64 = Release|x64
		Release|x86 = Release|x86
	EndGlobalSection
	GlobalSection(ProjectConfigurationPlatforms) = postSolution
		{55228E9C-995F-49E0-B44D-246F0D9614E9}.Debug|Any CPU.ActiveCfg = Debug|Any CPU
		{55228E9C-995F-49E0-B44D-246F0D9614E9}.Debug|Any CPU.Build.0 = Debug|Any CPU
		{55228E9C-995F-49E0-B44D-246F0D9614E9}.Debug|x64.ActiveCfg = Debug|Any CPU
		{55228E9C-995F-49E0-B44D-246F0D9614E9}.Debug|x64.Build.0 = Debug|Any CPU
		{55228E9C-995F-49E0-B44D-246F0D9614E9}.Debug|x86.ActiveCfg = Debug|x86
		{55228E9C-995F-49E0-B44D-246F0D9614E9}.Debug|x86.Build.0 = Debug|x86
		{55228E9C-995F-49E0-B44D-246F0D9614E9}.Release|Any CPU.ActiveCfg = Release|Any CPU
		{55228E9C-995F-49E0-B44D-246F0D9614E9}.Release|Any CPU.Build.0 = Release|Any CPU
		{55228E9C-995F-49E0-B44D-246F0D9614E9}.Release|x64.ActiveCfg = Release|Any CPU
		{55228E9C-995F-49E0-B44D-246F0D9614E9}.Release|x64.Build.0 = Release|Any CPU
		{55228E9C-995F-49E0-B44D-246F0D9614E9}.Release|x86.ActiveCfg = Release|x86
		{55228E9C-995F-49E0-B44D-246F0D9614E9}.Release|x86.Build.0 = Release|x86
		{E0565C13-9330-4B7F-B941-BB10730DCDBA}.Debug|Any CPU.ActiveCfg = Debug|Any CPU
		{E0565C13-9330-4B7F-B941-BB10730DCDBA}.Debug|Any CPU.Build.0 = Debug|Any CPU
		{E0565C13-9330-4B7F-B941-BB10730DCDBA}.Debug|x64.ActiveCfg = Debug|Any CPU
		{E0565C13-9330-4B7F-B941-BB10730DCDBA}.Debug|x64.Build.0 = Debug|Any CPU
		{E0565C13-9330-4B7F-B941-BB10730DCDBA}.Debug|x86.ActiveCfg = Debug|Any CPU
		{E0565C13-9330-4B7F-B941-BB10730DCDBA}.Debug|x86.Build.0 = Debug|Any CPU
		{E0565C13-9330-4B7F-B941-BB10730DCDBA}.Release|Any CPU.ActiveCfg = Release|Any CPU
		{E0565C13-9330-4B7F-B941-BB10730DCDBA}.Release|Any CPU.Build.0 = Release|Any CPU
		{E0565C13-9330-4B7F-B941-BB10730DCDBA}.Release|x64.ActiveCfg = Release|Any CPU
		{E0565C13-9330-4B7F-B941-BB10730DCDBA}.Release|x64.Build.0 = Release|Any CPU
		{E0565C13-9330-4B7F-B941-BB10730DCDBA}.Release|x86.ActiveCfg = Release|Any CPU
		{E0565C13-9330-4B7F-B941-BB10730DCDBA}.Release|x86.Build.0 = Release|Any CPU
		{83F90958-ED61-4974-BB11-29F45AB531B2}.Debug|Any CPU.ActiveCfg = Debug|Any CPU
		{83F90958-ED61-4974-BB11-29F45AB531B2}.Debug|Any CPU.Build.0 = Debug|Any CPU
		{83F90958-ED61-4974-BB11-29F45AB531B2}.Debug|x64.ActiveCfg = Debug|Any CPU
		{83F90958-ED61-4974-BB11-29F45AB531B2}.Debug|x64.Build.0 = Debug|Any CPU
		{83F90958-ED61-4974-BB11-29F45AB531B2}.Debug|x86.ActiveCfg = Debug|Any CPU
		{83F90958-ED61-4974-BB11-29F45AB531B2}.Debug|x86.Build.0 = Debug|Any CPU
		{83F90958-ED61-4974-BB11-29F45AB531B2}.Release|Any CPU.ActiveCfg = Release|Any CPU
		{83F90958-ED61-4974-BB11-29F45AB531B2}.Release|Any CPU.Build.0 = Release|Any CPU
		{83F90958-ED61-4974-BB11-29F45AB531B2}.Release|x64.ActiveCfg = Release|Any CPU
		{83F90958-ED61-4974-BB11-29F45AB531B2}.Release|x64.Build.0 = Release|Any CPU
		{83F90958-ED61-4974-BB11-29F45AB531B2}.Release|x86.ActiveCfg = Release|Any CPU
		{83F90958-ED61-4974-BB11-29F45AB531B2}.Release|x86.Build.0 = Release|Any CPU
		{811231FC-10FE-4C5E-9C83-20FE71241BD4}.Debug|Any CPU.ActiveCfg = Debug|Any CPU
		{811231FC-10FE-4C5E-9C83-20FE71241BD4}.Debug|Any CPU.Build.0 = Debug|Any CPU
		{811231FC-10FE-4C5E-9C83-20FE71241BD4}.Debug|x64.ActiveCfg = Debug|Any CPU
		{811231FC-10FE-4C5E-9C83-20FE71241BD4}.Debug|x64.Build.0 = Debug|Any CPU
		{811231FC-10FE-4C5E-9C83-20FE71241BD4}.Debug|x86.ActiveCfg = Debug|Any CPU
		{811231FC-10FE-4C5E-9C83-20FE71241BD4}.Debug|x86.Build.0 = Debug|Any CPU
		{811231FC-10FE-4C5E-9C83-20FE71241BD4}.Release|Any CPU.ActiveCfg = Release|Any CPU
		{811231FC-10FE-4C5E-9C83-20FE71241BD4}.Release|Any CPU.Build.0 = Release|Any CPU
		{811231FC-10FE-4C5E-9C83-20FE71241BD4}.Release|x64.ActiveCfg = Release|Any CPU
		{811231FC-10FE-4C5E-9C83-20FE71241BD4}.Release|x64.Build.0 = Release|Any CPU
		{811231FC-10FE-4C5E-9C83-20FE71241BD4}.Release|x86.ActiveCfg = Release|Any CPU
		{811231FC-10FE-4C5E-9C83-20FE71241BD4}.Release|x86.Build.0 = Release|Any CPU
		{B64F9634-4D45-4E8A-94C0-2265B7A60975}.Debug|Any CPU.ActiveCfg = Debug|Any CPU
		{B64F9634-4D45-4E8A-94C0-2265B7A60975}.Debug|Any CPU.Build.0 = Debug|Any CPU
		{B64F9634-4D45-4E8A-94C0-2265B7A60975}.Debug|x64.ActiveCfg = Debug|Any CPU
		{B64F9634-4D45-4E8A-94C0-2265B7A60975}.Debug|x64.Build.0 = Debug|Any CPU
		{B64F9634-4D45-4E8A-94C0-2265B7A60975}.Debug|x86.ActiveCfg = Debug|Any CPU
		{B64F9634-4D45-4E8A-94C0-2265B7A60975}.Debug|x86.Build.0 = Debug|Any CPU
		{B64F9634-4D45-4E8A-94C0-2265B7A60975}.Release|Any CPU.ActiveCfg = Release|Any CPU
		{B64F9634-4D45-4E8A-94C0-2265B7A60975}.Release|Any CPU.Build.0 = Release|Any CPU
		{B64F9634-4D45-4E8A-94C0-2265B7A60975}.Release|x64.ActiveCfg = Release|Any CPU
		{B64F9634-4D45-4E8A-94C0-2265B7A60975}.Release|x64.Build.0 = Release|Any CPU
		{B64F9634-4D45-4E8A-94C0-2265B7A60975}.Release|x86.ActiveCfg = Release|Any CPU
		{B64F9634-4D45-4E8A-94C0-2265B7A60975}.Release|x86.Build.0 = Release|Any CPU
	EndGlobalSection
	GlobalSection(SolutionProperties) = preSolution
		HideSolutionNode = FALSE
	EndGlobalSection
	GlobalSection(ExtensibilityGlobals) = postSolution
		SolutionGuid = {01E45138-6AA1-42D3-96AB-868CB9003F3B}
	EndGlobalSection
EndGlobal
