<?xml version="1.0" encoding="utf-8"?>
<Project ToolsVersion="4.0" xmlns="http://schemas.microsoft.com/developer/msbuild/2003">
  <ItemGroup>
    <Filter Include="Source Files">
      <UniqueIdentifier>{4FC737F1-C7A5-4376-A066-2A32D752A2FF}</UniqueIdentifier>
      <Extensions>cpp;c;cc;cxx;c++;cppm;ixx;def;odl;idl;hpj;bat;asm;asmx</Extensions>
    </Filter>
    <Filter Include="Header Files">
      <UniqueIdentifier>{93995380-89BD-4b04-88EB-625FBE52EBFB}</UniqueIdentifier>
      <Extensions>h;hh;hpp;hxx;h++;hm;inl;inc;ipp;xsd</Extensions>
    </Filter>
    <Filter Include="Resource Files">
      <UniqueIdentifier>{67DA6AB6-F800-4c08-8B7A-83BB121AAD01}</UniqueIdentifier>
      <Extensions>rc;ico;cur;bmp;dlg;rc2;rct;bin;rgs;gif;jpg;jpeg;jpe;resx;tiff;tif;png;wav;mfcribbon-ms</Extensions>
    </Filter>
    <Filter Include="Generated Files">
      <UniqueIdentifier>{14505d72-c2ef-4ea0-b904-6535203e5ea1}</UniqueIdentifier>
      <SourceControlFiles>False</SourceControlFiles>
    </Filter>
    <Filter Include="Src">
      <UniqueIdentifier>{de0dacdf-1d90-4b35-bbc5-a85f48d2a096}</UniqueIdentifier>
    </Filter>
    <Filter Include="Src\CodeContext">
      <UniqueIdentifier>{e5b8dd0e-b23e-43b5-bce2-c195abf019cb}</UniqueIdentifier>
    </Filter>
    <Filter Include="Src\DocumentContext">
      <UniqueIdentifier>{3fe3d4b8-c01f-4278-b487-dce4c907fc10}</UniqueIdentifier>
    </Filter>
    <Filter Include="Src\StackFrame">
      <UniqueIdentifier>{93b5d0be-bcc0-4759-addc-1f5ad9e5b832}</UniqueIdentifier>
    </Filter>
    <Filter Include="Src\Module">
      <UniqueIdentifier>{eff07e55-233a-4f6a-a00f-7753bf585d32}</UniqueIdentifier>
    </Filter>
    <Filter Include="Src\SymbolProvider">
      <UniqueIdentifier>{02e02079-ebd8-4d89-b6d3-09ced7081467}</UniqueIdentifier>
    </Filter>
    <Filter Include="Src\DebugAddress">
      <UniqueIdentifier>{d61d0ab3-7bcd-4c10-bc00-02d866299f93}</UniqueIdentifier>
    </Filter>
    <Filter Include="Src\ExpressionContext">
      <UniqueIdentifier>{ab500cef-0c89-45b9-a295-e4ac772c0047}</UniqueIdentifier>
    </Filter>
    <Filter Include="Src\Expression">
      <UniqueIdentifier>{b99e0690-d63e-4b1d-9cb7-8b180f02d4d0}</UniqueIdentifier>
    </Filter>
    <Filter Include="Src\DebugProperty">
      <UniqueIdentifier>{cf46943a-dcb5-47e2-b284-b926f2fac34f}</UniqueIdentifier>
    </Filter>
  </ItemGroup>
  <ItemGroup>
    <ClInclude Include="framework.h">
      <Filter>Header Files</Filter>
    </ClInclude>
    <ClInclude Include="targetver.h">
      <Filter>Header Files</Filter>
    </ClInclude>
    <ClInclude Include="Resource.h">
      <Filter>Header Files</Filter>
    </ClInclude>
    <ClInclude Include="dllmain.h">
      <Filter>Header Files</Filter>
    </ClInclude>
    <ClInclude Include="ElfSymbolProvider_i.h">
      <Filter>Generated Files</Filter>
    </ClInclude>
    <ClInclude Include="pch.h">
      <Filter>Header Files</Filter>
    </ClInclude>
    <ClInclude Include="ElfDie.h">
      <Filter>Src</Filter>
    </ClInclude>
    <ClInclude Include="Utils.h">
      <Filter>Src</Filter>
    </ClInclude>
    <ClInclude Include="SimpleEnumerator.h">
      <Filter>Src</Filter>
    </ClInclude>
    <ClInclude Include="ElfDebugCodeContext.h">
      <Filter>Src\CodeContext</Filter>
    </ClInclude>
    <ClInclude Include="ElfDebugDocumentContext.h">
      <Filter>Src\DocumentContext</Filter>
    </ClInclude>
    <ClInclude Include="ElfDebugStackFrame.h">
      <Filter>Src\StackFrame</Filter>
    </ClInclude>
    <ClInclude Include="ElfModule.h">
      <Filter>Src\Module</Filter>
    </ClInclude>
    <ClInclude Include="CElfSymbolProvider.h">
      <Filter>Src\SymbolProvider</Filter>
    </ClInclude>
    <ClInclude Include="ElfDebugAddress.h">
      <Filter>Src\DebugAddress</Filter>
    </ClInclude>
    <ClInclude Include="ElfUtils.h">
      <Filter>Src</Filter>
    </ClInclude>
    <ClInclude Include="ElfDebugExpressionContext.h">
      <Filter>Src\ExpressionContext</Filter>
    </ClInclude>
    <ClInclude Include="ElfDebugExpression.h">
      <Filter>Src\Expression</Filter>
    </ClInclude>
    <ClInclude Include="ElfDebugProperty.h">
      <Filter>Src\DebugProperty</Filter>
    </ClInclude>
  </ItemGroup>
  <ItemGroup>
    <ClCompile Include="ElfSymbolProvider.cpp">
      <Filter>Source Files</Filter>
    </ClCompile>
    <ClCompile Include="dllmain.cpp">
      <Filter>Source Files</Filter>
    </ClCompile>
    <ClCompile Include="ElfSymbolProvider_i.c">
      <Filter>Generated Files</Filter>
    </ClCompile>
    <ClCompile Include="pch.cpp">
      <Filter>Source Files</Filter>
    </ClCompile>
    <ClCompile Include="Utils.cpp">
      <Filter>Src</Filter>
    </ClCompile>
    <ClCompile Include="ElfDie.cpp">
      <Filter>Src</Filter>
    </ClCompile>
    <ClCompile Include="ElfDebugCodeContext.cpp">
      <Filter>Src\CodeContext</Filter>
    </ClCompile>
    <ClCompile Include="ElfDebugDocumentContext.cpp">
      <Filter>Src\DocumentContext</Filter>
    </ClCompile>
    <ClCompile Include="ElfDebugStackFrame.cpp">
      <Filter>Src\StackFrame</Filter>
    </ClCompile>
    <ClCompile Include="ElfModule.cpp">
      <Filter>Src\Module</Filter>
    </ClCompile>
    <ClCompile Include="CElfSymbolProvider.cpp">
      <Filter>Src\SymbolProvider</Filter>
    </ClCompile>
    <ClCompile Include="ElfDebugAddress.cpp">
      <Filter>Src\DebugAddress</Filter>
    </ClCompile>
    <ClCompile Include="guids.cpp">
      <Filter>Source Files</Filter>
    </ClCompile>
    <ClCompile Include="ElfDebugExpressionContext.cpp">
      <Filter>Src\ExpressionContext</Filter>
    </ClCompile>
    <ClCompile Include="ElfDebugExpression.cpp">
      <Filter>Src\Expression</Filter>
    </ClCompile>
    <ClCompile Include="ElfDebugProperty.cpp">
      <Filter>Src\DebugProperty</Filter>
    </ClCompile>
  </ItemGroup>
  <ItemGroup>
    <ResourceCompile Include="ElfSymbolProvider.rc">
      <Filter>Resource Files</Filter>
    </ResourceCompile>
  </ItemGroup>
  <ItemGroup>
    <None Include="ElfSymbolProvider.rgs">
      <Filter>Resource Files</Filter>
    </None>
    <None Include="ElfSymbolProvider.def">
      <Filter>Source Files</Filter>
    </None>
    <None Include="ElfSymbolProvider1.rgs">
      <Filter>Resource Files</Filter>
    </None>
    <None Include="ElfDebugAddress.rgs">
      <Filter>Resource Files</Filter>
    </None>
    <None Include="ElfDebugDocumentContext.rgs">
      <Filter>Resource Files</Filter>
    </None>
    <None Include="ElfDebugCodeContext.rgs">
      <Filter>Resource Files</Filter>
    </None>
    <None Include="ElfDebugStackFrame.rgs">
      <Filter>Resource Files</Filter>
    </None>
    <None Include="ElfDebugExpressionContext.rgs">
      <Filter>Resource Files</Filter>
    </None>
    <None Include="ElfDebugExpression.rgs">
      <Filter>Resource Files</Filter>
    </None>
    <None Include="ElfDebugProperty.rgs">
      <Filter>Resource Files</Filter>
    </None>
  </ItemGroup>
  <ItemGroup>
    <Midl Include="ElfSymbolProvider.idl">
      <Filter>Source Files</Filter>
    </Midl>
  </ItemGroup>
  <ItemGroup>
    <Manifest Include="ElfSymbolProvider.manifest" />
  </ItemGroup>
</Project>