<?xml version="1.0" encoding="utf-8"?>
<Project ToolsVersion="4.0" xmlns="http://schemas.microsoft.com/developer/msbuild/2003">
  <ItemGroup>
    <Filter Include="Source Files">
      <UniqueIdentifier>{4FC737F1-C7A5-4376-A066-2A32D752A2FF}</UniqueIdentifier>
      <Extensions>cpp;c;cc;cxx;c++;cppm;ixx;def;odl;idl;hpj;bat;asm;asmx</Extensions>
    </Filter>
    <Filter Include="Header Files">
      <UniqueIdentifier>{93995380-89BD-4b04-88EB-625FBE52EBFB}</UniqueIdentifier>
      <Extensions>h;hh;hpp;hxx;h++;hm;inl;inc;ipp;xsd</Extensions>
    </Filter>
    <Filter Include="Resource Files">
      <UniqueIdentifier>{67DA6AB6-F800-4c08-8B7A-83BB121AAD01}</UniqueIdentifier>
      <Extensions>rc;ico;cur;bmp;dlg;rc2;rct;bin;rgs;gif;jpg;jpeg;jpe;resx;tiff;tif;png;wav;mfcribbon-ms</Extensions>
    </Filter>
    <Filter Include="Generated Files">
      <UniqueIdentifier>{27b22e54-89dd-470b-8e72-9dafa2164321}</UniqueIdentifier>
      <SourceControlFiles>False</SourceControlFiles>
    </Filter>
  </ItemGroup>
  <ItemGroup>
    <ClInclude Include="framework.h">
      <Filter>Header Files</Filter>
    </ClInclude>
    <ClInclude Include="targetver.h">
      <Filter>Header Files</Filter>
    </ClInclude>
    <ClInclude Include="Resource.h">
      <Filter>Header Files</Filter>
    </ClInclude>
    <ClInclude Include="dllmain.h">
      <Filter>Header Files</Filter>
    </ClInclude>
    <ClInclude Include="FPGADebugEngine_i.h">
      <Filter>Generated Files</Filter>
    </ClInclude>
    <ClInclude Include="pch.h">
      <Filter>Header Files</Filter>
    </ClInclude>
    <ClInclude Include="FPGADebugEngine.h">
      <Filter>Header Files</Filter>
    </ClInclude>
    <ClInclude Include="Engine.h">
      <Filter>Header Files</Filter>
    </ClInclude>
    <ClInclude Include="FPGADebugEngineGUIDs.h">
      <Filter>Header Files</Filter>
    </ClInclude>
    <ClInclude Include="FPGADebugProcess.h">
      <Filter>Header Files</Filter>
    </ClInclude>
    <ClInclude Include="FPGADebugProgram.h">
      <Filter>Header Files</Filter>
    </ClInclude>
    <ClInclude Include="FPGAEnumerator.h">
      <Filter>Header Files</Filter>
    </ClInclude>
    <ClInclude Include="FPGADebugProcessCreateEvent2.h">
      <Filter>Header Files</Filter>
    </ClInclude>
    <ClInclude Include="FPGADebugThread2.h">
      <Filter>Header Files</Filter>
    </ClInclude>
    <ClInclude Include="FPGADebugProgramCreateEvent2.h">
      <Filter>Header Files</Filter>
    </ClInclude>
    <ClInclude Include="FPGADebugEvent2.h">
      <Filter>Header Files</Filter>
    </ClInclude>
    <ClInclude Include="FPGADebugPortSupplier2.h">
      <Filter>Header Files</Filter>
    </ClInclude>
    <ClInclude Include="FPGADebugProgramProvider2.h">
      <Filter>Header Files</Filter>
    </ClInclude>
    <ClInclude Include="FPGADebugPort2.h">
      <Filter>Header Files</Filter>
    </ClInclude>
  </ItemGroup>
  <ItemGroup>
    <ClCompile Include="FPGADebugEngine.cpp">
      <Filter>Source Files</Filter>
    </ClCompile>
    <ClCompile Include="dllmain.cpp">
      <Filter>Source Files</Filter>
    </ClCompile>
    <ClCompile Include="FPGADebugEngine_i.c">
      <Filter>Generated Files</Filter>
    </ClCompile>
    <ClCompile Include="pch.cpp">
      <Filter>Source Files</Filter>
    </ClCompile>
    <ClCompile Include="Engine.cpp">
      <Filter>Source Files</Filter>
    </ClCompile>
    <ClCompile Include="FPGADebugEngineGUIDs.cpp">
      <Filter>Source Files</Filter>
    </ClCompile>
    <ClCompile Include="FPGADebugProcess.cpp">
      <Filter>Source Files</Filter>
    </ClCompile>
    <ClCompile Include="FPGADebugProgram.cpp">
      <Filter>Source Files</Filter>
    </ClCompile>
    <ClCompile Include="FPGADebugProcessCreateEvent2.cpp">
      <Filter>Source Files</Filter>
    </ClCompile>
    <ClCompile Include="FPGADebugThread2.cpp">
      <Filter>Source Files</Filter>
    </ClCompile>
    <ClCompile Include="FPGADebugProgramCreateEvent2.cpp">
      <Filter>Source Files</Filter>
    </ClCompile>
    <ClCompile Include="FPGADebugPortSupplier2.cpp">
      <Filter>Source Files</Filter>
    </ClCompile>
    <ClCompile Include="FPGADebugProgramProvider2.cpp">
      <Filter>Source Files</Filter>
    </ClCompile>
    <ClCompile Include="FPGADebugPort2.cpp">
      <Filter>Source Files</Filter>
    </ClCompile>
  </ItemGroup>
  <ItemGroup>
    <ResourceCompile Include="FPGADebugEngine.rc">
      <Filter>Resource Files</Filter>
    </ResourceCompile>
  </ItemGroup>
  <ItemGroup>
    <None Include="FPGADebugEngine.rgs">
      <Filter>Resource Files</Filter>
    </None>
    <None Include="FPGADebugEngine.def">
      <Filter>Source Files</Filter>
    </None>
    <None Include="Engine.rgs">
      <Filter>Resource Files</Filter>
    </None>
    <None Include="FPGADebugProcess.rgs">
      <Filter>Resource Files</Filter>
    </None>
    <None Include="fpgadebu.bin">
      <Filter>Resource Files</Filter>
    </None>
    <None Include="FPGADebugProgram.rgs">
      <Filter>Resource Files</Filter>
    </None>
    <None Include="FPGADebugProgramEnumerator.rgs">
      <Filter>Resource Files</Filter>
    </None>
    <None Include="FPGADebugProcessCreateEvent2.rgs">
      <Filter>Resource Files</Filter>
    </None>
    <None Include="FPGADebugThread2.rgs">
      <Filter>Resource Files</Filter>
    </None>
    <None Include="FPGADebugProgramCreateEvent2.rgs">
      <Filter>Resource Files</Filter>
    </None>
    <None Include="FPGADebugPortSupplier2.rgs">
      <Filter>Resource Files</Filter>
    </None>
    <None Include="FPGADebugProgramProvider2.rgs">
      <Filter>Resource Files</Filter>
    </None>
    <None Include="FPGADebugPort2.rgs">
      <Filter>Resource Files</Filter>
    </None>
  </ItemGroup>
  <ItemGroup>
    <Midl Include="FPGADebugEngine.idl">
      <Filter>Source Files</Filter>
    </Midl>
  </ItemGroup>
</Project>